
Microsoft Visual Studio Solution File, Format Version 12.00
# Visual Studio 2013
VisualStudioVersion = 12.0.30110.0
MinimumVisualStudioVersion = 10.0.40219.1
Project("{FAE04EC0-301F-11D3-BF4B-00C04F79EFBC}") = "ClassicBot", "ClassicBot\ClassicBot.csproj", "{DA6BC956-2BE1-4401-97D0-4B4D4A32C95B}"
EndProject
Project("{FAE04EC0-301F-11D3-BF4B-00C04F79EFBC}") = "CLIBot", "CLIBot\CLIBot.csproj", "{2494E601-226F-49AF-B4E2-96235AEA494B}"
EndProject
Project("{FAE04EC0-301F-11D3-BF4B-00C04F79EFBC}") = "GUIBot", "GUIBot\GUIBot.csproj", "{AA99BA24-EE72-4064-BA97-8460406E5808}"
EndProject
Global
	GlobalSection(SolutionConfigurationPlatforms) = preSolution
		Debug|Any CPU = Debug|Any CPU
		Release|Any CPU = Release|Any CPU
	EndGlobalSection
	GlobalSection(ProjectConfigurationPlatforms) = postSolution
		{DA6BC956-2BE1-4401-97D0-4B4D4A32C95B}.Debug|Any CPU.ActiveCfg = Debug|Any CPU
		{DA6BC956-2BE1-4401-97D0-4B4D4A32C95B}.Debug|Any CPU.Build.0 = Debug|Any CPU
		{DA6BC956-2BE1-4401-97D0-4B4D4A32C95B}.Release|Any CPU.ActiveCfg = Release|Any CPU
		{DA6BC956-2BE1-4401-97D0-4B4D4A32C95B}.Release|Any CPU.Build.0 = Release|Any CPU
		{2494E601-226F-49AF-B4E2-96235AEA494B}.Debug|Any CPU.ActiveCfg = Debug|Any CPU
		{2494E601-226F-49AF-B4E2-96235AEA494B}.Debug|Any CPU.Build.0 = Debug|Any CPU
		{2494E601-226F-49AF-B4E2-96235AEA494B}.Release|Any CPU.ActiveCfg = Release|Any CPU
		{2494E601-226F-49AF-B4E2-96235AEA494B}.Release|Any CPU.Build.0 = Release|Any CPU
		{AA99BA24-EE72-4064-BA97-8460406E5808}.Debug|Any CPU.ActiveCfg = Debug|Any CPU
		{AA99BA24-EE72-4064-BA97-8460406E5808}.Debug|Any CPU.Build.0 = Debug|Any CPU
		{AA99BA24-EE72-4064-BA97-8460406E5808}.Release|Any CPU.ActiveCfg = Release|Any CPU
		{AA99BA24-EE72-4064-BA97-8460406E5808}.Release|Any CPU.Build.0 = Release|Any CPU
	EndGlobalSection
	GlobalSection(SolutionProperties) = preSolution
		HideSolutionNode = FALSE
	EndGlobalSection
	GlobalSection(MonoDevelopProperties) = preSolution
		StartupItem = ClassicBot\ClassicBot.csproj
	EndGlobalSection
EndGlobal
