
Microsoft Visual Studio Solution File, Format Version 12.00
# Visual Studio 14
VisualStudioVersion = 14.0.25123.0
MinimumVisualStudioVersion = 10.0.40219.1
Project("{FAE04EC0-301F-11D3-BF4B-00C04F79EFBC}") = "ClassicBot", "ClassicBot\ClassicBot.csproj", "{ACD9C331-3E16-477A-BDA6-076F40935A75}"
EndProject
Project("{FAE04EC0-301F-11D3-BF4B-00C04F79EFBC}") = "Cli", "Cli\Cli.csproj", "{FB32B614-6FD6-4F60-A7A5-01C195F85378}"
EndProject
Project("{FAE04EC0-301F-11D3-BF4B-00C04F79EFBC}") = "GraphicalClient", "GraphicalClient\GraphicalClient.csproj", "{D9F984E9-5947-4A4A-85A3-187D8CE291E9}"
EndProject
Global
	GlobalSection(SolutionConfigurationPlatforms) = preSolution
		Debug|Any CPU = Debug|Any CPU
		Release|Any CPU = Release|Any CPU
	EndGlobalSection
	GlobalSection(ProjectConfigurationPlatforms) = postSolution
		{ACD9C331-3E16-477A-BDA6-076F40935A75}.Debug|Any CPU.ActiveCfg = Debug|Any CPU
		{ACD9C331-3E16-477A-BDA6-076F40935A75}.Debug|Any CPU.Build.0 = Debug|Any CPU
		{ACD9C331-3E16-477A-BDA6-076F40935A75}.Release|Any CPU.ActiveCfg = Release|Any CPU
		{ACD9C331-3E16-477A-BDA6-076F40935A75}.Release|Any CPU.Build.0 = Release|Any CPU
		{FB32B614-6FD6-4F60-A7A5-01C195F85378}.Debug|Any CPU.ActiveCfg = Debug|Any CPU
		{FB32B614-6FD6-4F60-A7A5-01C195F85378}.Debug|Any CPU.Build.0 = Debug|Any CPU
		{FB32B614-6FD6-4F60-A7A5-01C195F85378}.Release|Any CPU.ActiveCfg = Release|Any CPU
		{FB32B614-6FD6-4F60-A7A5-01C195F85378}.Release|Any CPU.Build.0 = Release|Any CPU
		{D9F984E9-5947-4A4A-85A3-187D8CE291E9}.Debug|Any CPU.ActiveCfg = Debug|Any CPU
		{D9F984E9-5947-4A4A-85A3-187D8CE291E9}.Debug|Any CPU.Build.0 = Debug|Any CPU
		{D9F984E9-5947-4A4A-85A3-187D8CE291E9}.Release|Any CPU.ActiveCfg = Release|Any CPU
		{D9F984E9-5947-4A4A-85A3-187D8CE291E9}.Release|Any CPU.Build.0 = Release|Any CPU
	EndGlobalSection
	GlobalSection(SolutionProperties) = preSolution
		HideSolutionNode = FALSE
	EndGlobalSection
EndGlobal
